
Microsoft Visual Studio Solution File, Format Version 12.00
# Visual Studio Version 17
VisualStudioVersion = 17.8.34330.188
MinimumVisualStudioVersion = 10.0.40219.1
Project("{FAE04EC0-301F-11D3-BF4B-00C04F79EFBC}") = "ProyectoBase", "ProyectoBase\ProyectoBase.csproj", "{9E92D154-458F-4C95-BADC-42C902BAEDDE}"
EndProject
Global
	GlobalSection(SolutionConfigurationPlatforms) = preSolution
		Debug|Any CPU = Debug|Any CPU
		Release|Any CPU = Release|Any CPU
	EndGlobalSection
	GlobalSection(ProjectConfigurationPlatforms) = postSolution
		{9E92D154-458F-4C95-BADC-42C902BAEDDE}.Debug|Any CPU.ActiveCfg = Debug|Any CPU
		{9E92D154-458F-4C95-BADC-42C902BAEDDE}.Debug|Any CPU.Build.0 = Debug|Any CPU
		{9E92D154-458F-4C95-BADC-42C902BAEDDE}.Release|Any CPU.ActiveCfg = Release|Any CPU
		{9E92D154-458F-4C95-BADC-42C902BAEDDE}.Release|Any CPU.Build.0 = Release|Any CPU
	EndGlobalSection
	GlobalSection(SolutionProperties) = preSolution
		HideSolutionNode = FALSE
	EndGlobalSection
	GlobalSection(ExtensibilityGlobals) = postSolution
		SolutionGuid = {252194FE-C86A-4184-AC61-C2A8260DD94A}
	EndGlobalSection
EndGlobal
